
Microsoft Visual Studio Solution File, Format Version 12.00
# Visual Studio 2012
Project("{FAE04EC0-301F-11D3-BF4B-00C04F79EFBC}") = "CowsAndBullsGame", "CowsAndBullsGame.csproj", "{469D9CB0-EAD5-4181-B120-2D0BC5622BF9}"
EndProject
Project("{FAE04EC0-301F-11D3-BF4B-00C04F79EFBC}") = "CowsAndBullsGame.Tests", "..\CowsAndBullsGame.Tests\CowsAndBullsGame.Tests.csproj", "{6B610141-2F53-450B-B023-650BC5C8CCE8}"
EndProject
Project("{FAE04EC0-301F-11D3-BF4B-00C04F79EFBC}") = "CowsAndBullsGame.Example", "..\CowsAndBullsGame.Example\CowsAndBullsGame.Example.csproj", "{FD938AB9-C860-40E0-B1BC-C6093F27FF76}"
EndProject
Global
	GlobalSection(SolutionConfigurationPlatforms) = preSolution
		Debug|Any CPU = Debug|Any CPU
		Debug|Mixed Platforms = Debug|Mixed Platforms
		Debug|x86 = Debug|x86
		Release|Any CPU = Release|Any CPU
		Release|Mixed Platforms = Release|Mixed Platforms
		Release|x86 = Release|x86
	EndGlobalSection
	GlobalSection(ProjectConfigurationPlatforms) = postSolution
		{469D9CB0-EAD5-4181-B120-2D0BC5622BF9}.Debug|Any CPU.ActiveCfg = Debug|x86
		{469D9CB0-EAD5-4181-B120-2D0BC5622BF9}.Debug|Mixed Platforms.ActiveCfg = Debug|x86
		{469D9CB0-EAD5-4181-B120-2D0BC5622BF9}.Debug|Mixed Platforms.Build.0 = Debug|x86
		{469D9CB0-EAD5-4181-B120-2D0BC5622BF9}.Debug|x86.ActiveCfg = Debug|x86
		{469D9CB0-EAD5-4181-B120-2D0BC5622BF9}.Debug|x86.Build.0 = Debug|x86
		{469D9CB0-EAD5-4181-B120-2D0BC5622BF9}.Release|Any CPU.ActiveCfg = Release|x86
		{469D9CB0-EAD5-4181-B120-2D0BC5622BF9}.Release|Mixed Platforms.ActiveCfg = Release|x86
		{469D9CB0-EAD5-4181-B120-2D0BC5622BF9}.Release|Mixed Platforms.Build.0 = Release|x86
		{469D9CB0-EAD5-4181-B120-2D0BC5622BF9}.Release|x86.ActiveCfg = Release|x86
		{469D9CB0-EAD5-4181-B120-2D0BC5622BF9}.Release|x86.Build.0 = Release|x86
		{6B610141-2F53-450B-B023-650BC5C8CCE8}.Debug|Any CPU.ActiveCfg = Debug|Any CPU
		{6B610141-2F53-450B-B023-650BC5C8CCE8}.Debug|Any CPU.Build.0 = Debug|Any CPU
		{6B610141-2F53-450B-B023-650BC5C8CCE8}.Debug|Mixed Platforms.ActiveCfg = Debug|Any CPU
		{6B610141-2F53-450B-B023-650BC5C8CCE8}.Debug|Mixed Platforms.Build.0 = Debug|Any CPU
		{6B610141-2F53-450B-B023-650BC5C8CCE8}.Debug|x86.ActiveCfg = Debug|Any CPU
		{6B610141-2F53-450B-B023-650BC5C8CCE8}.Release|Any CPU.ActiveCfg = Release|Any CPU
		{6B610141-2F53-450B-B023-650BC5C8CCE8}.Release|Any CPU.Build.0 = Release|Any CPU
		{6B610141-2F53-450B-B023-650BC5C8CCE8}.Release|Mixed Platforms.ActiveCfg = Release|Any CPU
		{6B610141-2F53-450B-B023-650BC5C8CCE8}.Release|Mixed Platforms.Build.0 = Release|Any CPU
		{6B610141-2F53-450B-B023-650BC5C8CCE8}.Release|x86.ActiveCfg = Release|Any CPU
		{FD938AB9-C860-40E0-B1BC-C6093F27FF76}.Debug|Any CPU.ActiveCfg = Debug|Any CPU
		{FD938AB9-C860-40E0-B1BC-C6093F27FF76}.Debug|Any CPU.Build.0 = Debug|Any CPU
		{FD938AB9-C860-40E0-B1BC-C6093F27FF76}.Debug|Mixed Platforms.ActiveCfg = Debug|Any CPU
		{FD938AB9-C860-40E0-B1BC-C6093F27FF76}.Debug|Mixed Platforms.Build.0 = Debug|Any CPU
		{FD938AB9-C860-40E0-B1BC-C6093F27FF76}.Debug|x86.ActiveCfg = Debug|Any CPU
		{FD938AB9-C860-40E0-B1BC-C6093F27FF76}.Release|Any CPU.ActiveCfg = Release|Any CPU
		{FD938AB9-C860-40E0-B1BC-C6093F27FF76}.Release|Any CPU.Build.0 = Release|Any CPU
		{FD938AB9-C860-40E0-B1BC-C6093F27FF76}.Release|Mixed Platforms.ActiveCfg = Release|Any CPU
		{FD938AB9-C860-40E0-B1BC-C6093F27FF76}.Release|Mixed Platforms.Build.0 = Release|Any CPU
		{FD938AB9-C860-40E0-B1BC-C6093F27FF76}.Release|x86.ActiveCfg = Release|Any CPU
	EndGlobalSection
	GlobalSection(SolutionProperties) = preSolution
		HideSolutionNode = FALSE
	EndGlobalSection
EndGlobal
